PODS:
  - AFNetworking (3.2.1):
    - AFNetworking/NSURLSession (= 3.2.1)
    - AFNetworking/Reachability (= 3.2.1)
    - AFNetworking/Security (= 3.2.1)
    - AFNetworking/Serialization (= 3.2.1)
    - AFNetworking/UIKit (= 3.2.1)
  - AFNetworking/NSURLSession (3.2.1):
    - AFNetworking/Reachability
    - AFNetworking/Security
    - AFNetworking/Serialization
  - AFNetworking/Reachability (3.2.1)
  - AFNetworking/Security (3.2.1)
  - AFNetworking/Serialization (3.2.1)
  - AFNetworking/UIKit (3.2.1):
    - AFNetworking/NSURLSession
  - FMDB (2.7.2):
    - FMDB/standard (= 2.7.2)
  - FMDB/standard (2.7.2)
  - Masonry (1.0.2)
  - MBProgressHUD (1.1.0)
  - MJRefresh (3.1.17)
  - MLLabel (1.10.5)
  - MMPopupView (1.7.2):
    - Masonry
  - ODRefreshControl (1.2)
  - SDWebImage (4.4.7):
    - SDWebImage/Core (= 4.4.7)
  - SDWebImage/Core (4.4.7)
  - SVProgressHUD (2.2.5)
  - XYZPhotoBrowser (1.0.6):
    - SDWebImage (~> 4.4.7)
    - SVProgressHUD (~> 2.2.5)
    - YLGIFImage
  - YLGIFImage (0.11)

DEPENDENCIES:
  - AFNetworking (~> 3.2.1)
  - FMDB (= 2.7.2)
  - MBProgressHUD (~> 1.1.0)
  - MJRefresh (~> 3.1.17)
  - MLLabel (= 1.10.5)
  - MMPopupView
  - ODRefreshControl (~> 1.2)
  - SDWebImage (~> 4.4.7)
  - XYZPhotoBrowser (~> 1.0.6)

SPEC REPOS:
  trunk:
    - AFNetworking
    - FMDB
    - Masonry
    - MBProgressHUD
    - MJRefresh
    - MLLabel
    - MMPopupView
    - ODRefreshControl
    - SDWebImage
    - SVProgressHUD
    - XYZPhotoBrowser
    - YLGIFImage

SPEC CHECKSUMS:
  AFNetworking: b6f891fdfaed196b46c7a83cf209e09697b94057
  FMDB: 6198a90e7b6900cfc046e6bc0ef6ebb7be9236aa
  Masonry: 7c429b56da9d4ee0bbb3ed77a5ea710d6a5df39e
  MBProgressHUD: e7baa36a220447d8aeb12769bf0585582f3866d9
  MJRefresh: ee5b68f639775462faba4db0fd243baf4d42c2cf
  MLLabel: d76124055a2205e7f76878e62cd06ba925ba0c97
  MMPopupView: fe1dd010824029dfb632fdf1a531db5dd5386020
  ODRefreshControl: 907e6149d72dde488d5917ccfabee5bd8d711a20
  SDWebImage: c10d14a8883ebd89664f02a422006f66a85c0c5d
  SVProgressHUD: 1428aafac632c1f86f62aa4243ec12008d7a51d6
  XYZPhotoBrowser: 2da7261ebfeff93443c1882c2ef12507043e80f1
  YLGIFImage: c0ae132fe80e5282b2762a97d14e23ba71a748ae

PODFILE CHECKSUM: da790c13a3621fdf8d8a263001869ac699eb0508

COCOAPODS: 1.8.4
